// !$*UTF8*$!
{
	archiveVersion = 1;
	classes = {
	};
	objectVersion = 50;
	objects = {

/* Begin PBXBuildFile section */
		4212991023B9EBF800AE9281 /* Model.xcdatamodeld in Sources */ = {isa = PBXBuildFile; fileRef = 4212990E23B9EBF800AE9281 /* Model.xcdatamodeld */; };
		4212991323B9EE0100AE9281 /* Default-568h@2x.png in Resources */ = {isa = PBXBuildFile; fileRef = 4212991223B9EE0100AE9281 /* Default-568h@2x.png */; };
		4290D51823B7A9B40093548C /* AppDelegate.swift in Sources */ = {isa = PBXBuildFile; fileRef = 4290D51723B7A9B40093548C /* AppDelegate.swift */; };
		4290D51A23B7A9B40093548C /* SceneDelegate.swift in Sources */ = {isa = PBXBuildFile; fileRef = 4290D51923B7A9B40093548C /* SceneDelegate.swift */; };
		4290D51C23B7A9B40093548C /* TodoListViewController.swift in Sources */ = {isa = PBXBuildFile; fileRef = 4290D51B23B7A9B40093548C /* TodoListViewController.swift */; };
		4290D51F23B7A9B40093548C /* Main.storyboard in Resources */ = {isa = PBXBuildFile; fileRef = 4290D51D23B7A9B40093548C /* Main.storyboard */; };
		4290D52123B7A9B50093548C /* Assets.xcassets in Resources */ = {isa = PBXBuildFile; fileRef = 4290D52023B7A9B50093548C /* Assets.xcassets */; };
		4290D52423B7A9B50093548C /* LaunchScreen.storyboard in Resources */ = {isa = PBXBuildFile; fileRef = 4290D52223B7A9B50093548C /* LaunchScreen.storyboard */; };
/* End PBXBuildFile section */

/* Begin PBXFileReference section */
		4212990F23B9EBF800AE9281 /* Model.xcdatamodel */ = {isa = PBXFileReference; lastKnownFileType = wrapper.xcdatamodel; path = Model.xcdatamodel; sourceTree = "<group>"; };
		4212991223B9EE0100AE9281 /* Default-568h@2x.png */ = {isa = PBXFileReference; lastKnownFileType = image.png; path = "Default-568h@2x.png"; sourceTree = "<group>"; };
		4290D51423B7A9B40093548C /* TodoApp.app */ = {isa = PBXFileReference; explicitFileType = wrapper.application; includeInIndex = 0; path = TodoApp.app; sourceTree = BUILT_PRODUCTS_DIR; };
		4290D51723B7A9B40093548C /* AppDelegate.swift */ = {isa = PBXFileReference; lastKnownFileType = sourcecode.swift; path = AppDelegate.swift; sourceTree = "<group>"; };
		4290D51923B7A9B40093548C /* SceneDelegate.swift */ = {isa = PBXFileReference; lastKnownFileType = sourcecode.swift; path = SceneDelegate.swift; sourceTree = "<group>"; };
		4290D51B23B7A9B40093548C /* TodoListViewController.swift */ = {isa = PBXFileReference; lastKnownFileType = sourcecode.swift; path = TodoListViewController.swift; sourceTree = "<group>"; };
		4290D51E23B7A9B40093548C /* Base */ = {isa = PBXFileReference; lastKnownFileType = file.storyboard; name = Base; path = Base.lproj/Main.storyboard; sourceTree = "<group>"; };
		4290D52023B7A9B50093548C /* Assets.xcassets */ = {isa = PBXFileReference; lastKnownFileType = folder.assetcatalog; path = Assets.xcassets; sourceTree = "<group>"; };
		4290D52323B7A9B50093548C /* Base */ = {isa = PBXFileReference; lastKnownFileType = file.storyboard; name = Base; path = Base.lproj/LaunchScreen.storyboard; sourceTree = "<group>"; };
		4290D52523B7A9B50093548C /* Info.plist */ = {isa = PBXFileReference; lastKnownFileType = text.plist.xml; path = Info.plist; sourceTree = "<group>"; };
/* End PBXFileReference section */

/* Begin PBXFrameworksBuildPhase section */
		4290D51123B7A9B40093548C /* Frameworks */ = {
			isa = PBXFrameworksBuildPhase;
			buildActionMask = 2147483647;
			files = (
			);
			runOnlyForDeploymentPostprocessing = 0;
		};
/* End PBXFrameworksBuildPhase section */

/* Begin PBXGroup section */
		421298E823B9EB4400AE9281 /* View */ = {
			isa = PBXGroup;
			children = (
				4290D51D23B7A9B40093548C /* Main.storyboard */,
				4290D52223B7A9B50093548C /* LaunchScreen.storyboard */,
			);
			path = View;
			sourceTree = "<group>";
		};
		421298E923B9EB5D00AE9281 /* Controller */ = {
			isa = PBXGroup;
			children = (
				4290D51B23B7A9B40093548C /* TodoListViewController.swift */,
			);
			path = Controller;
			sourceTree = "<group>";
		};
		421298EA23B9EB7600AE9281 /* Model */ = {
			isa = PBXGroup;
			children = (
				4212990E23B9EBF800AE9281 /* Model.xcdatamodeld */,
			);
			path = Model;
			sourceTree = "<group>";
		};
		4212991123B9ED6F00AE9281 /* Suppurting files */ = {
			isa = PBXGroup;
			children = (
				4212991223B9EE0100AE9281 /* Default-568h@2x.png */,
				4290D52023B7A9B50093548C /* Assets.xcassets */,
			);
			path = "Suppurting files";
			sourceTree = "<group>";
		};
		4290D50B23B7A9B40093548C = {
			isa = PBXGroup;
			children = (
				4290D51623B7A9B40093548C /* TodoApp */,
				4290D51523B7A9B40093548C /* Products */,
			);
			sourceTree = "<group>";
		};
		4290D51523B7A9B40093548C /* Products */ = {
			isa = PBXGroup;
			children = (
				4290D51423B7A9B40093548C /* TodoApp.app */,
			);
			name = Products;
			sourceTree = "<group>";
		};
		4290D51623B7A9B40093548C /* TodoApp */ = {
			isa = PBXGroup;
			children = (
				4290D52523B7A9B50093548C /* Info.plist */,
				4290D51723B7A9B40093548C /* AppDelegate.swift */,
				4290D51923B7A9B40093548C /* SceneDelegate.swift */,
				421298EA23B9EB7600AE9281 /* Model */,
				421298E923B9EB5D00AE9281 /* Controller */,
				421298E823B9EB4400AE9281 /* View */,
				4212991123B9ED6F00AE9281 /* Suppurting files */,
			);
			path = TodoApp;
			sourceTree = "<group>";
		};
/* End PBXGroup section */

/* Begin PBXNativeTarget section */
		4290D51323B7A9B40093548C /* TodoApp */ = {
			isa = PBXNativeTarget;
			buildConfigurationList = 4290D52823B7A9B50093548C /* Build configuration list for PBXNativeTarget "TodoApp" */;
			buildPhases = (
				4290D51023B7A9B40093548C /* Sources */,
				4290D51123B7A9B40093548C /* Frameworks */,
				4290D51223B7A9B40093548C /* Resources */,
			);
			buildRules = (
			);
			dependencies = (
			);
			name = TodoApp;
			productName = TodoApp;
			productReference = 4290D51423B7A9B40093548C /* TodoApp.app */;
			productType = "com.apple.product-type.application";
		};
/* End PBXNativeTarget section */

/* Begin PBXProject section */
		4290D50C23B7A9B40093548C /* Project object */ = {
			isa = PBXProject;
			attributes = {
				LastSwiftUpdateCheck = 1110;
				LastUpgradeCheck = 1110;
				ORGANIZATIONNAME = "Orwa Romeeah";
				TargetAttributes = {
					4290D51323B7A9B40093548C = {
						CreatedOnToolsVersion = 11.1;
					};
				};
			};
			buildConfigurationList = 4290D50F23B7A9B40093548C /* Build configuration list for PBXProject "TodoApp" */;
			compatibilityVersion = "Xcode 9.3";
			developmentRegion = en;
			hasScannedForEncodings = 0;
			knownRegions = (
				en,
				Base,
			);
			mainGroup = 4290D50B23B7A9B40093548C;
			productRefGroup = 4290D51523B7A9B40093548C /* Products */;
			projectDirPath = "";
			projectRoot = "";
			targets = (
				4290D51323B7A9B40093548C /* TodoApp */,
			);
		};
/* End PBXProject section */

/* Begin PBXResourcesBuildPhase section */
		4290D51223B7A9B40093548C /* Resources */ = {
			isa = PBXResourcesBuildPhase;
			buildActionMask = 2147483647;
			files = (
				4290D52423B7A9B50093548C /* LaunchScreen.storyboard in Resources */,
				4212991323B9EE0100AE9281 /* Default-568h@2x.png in Resources */,
				4290D52123B7A9B50093548C /* Assets.xcassets in Resources */,
				4290D51F23B7A9B40093548C /* Main.storyboard in Resources */,
			);
			runOnlyForDeploymentPostprocessing = 0;
		};
/* End PBXResourcesBuildPhase section */

/* Begin PBXSourcesBuildPhase section */
		4290D51023B7A9B40093548C /* Sources */ = {
			isa = PBXSourcesBuildPhase;
			buildActionMask = 2147483647;
			files = (
				4290D51C23B7A9B40093548C /* TodoListViewController.swift in Sources */,
				4290D51823B7A9B40093548C /* AppDelegate.swift in Sources */,
				4290D51A23B7A9B40093548C /* SceneDelegate.swift in Sources */,
				4212991023B9EBF800AE9281 /* Model.xcdatamodeld in Sources */,
			);
			runOnlyForDeploymentPostprocessing = 0;
		};
/* End PBXSourcesBuildPhase section */

/* Begin PBXVariantGroup section */
		4290D51D23B7A9B40093548C /* Main.storyboard */ = {
			isa = PBXVariantGroup;
			children = (
				4290D51E23B7A9B40093548C /* Base */,
			);
			name = Main.storyboard;
			sourceTree = "<group>";
		};
		4290D52223B7A9B50093548C /* LaunchScreen.storyboard */ = {
			isa = PBXVariantGroup;
			children = (
				4290D52323B7A9B50093548C /* Base */,
			);
			name = LaunchScreen.storyboard;
			sourceTree = "<group>";
		};
/* End PBXVariantGroup section */

/* Begin XCBuildConfiguration section */
		4290D52623B7A9B50093548C /* Debug */ = {
			isa = XCBuildConfiguration;
			buildSettings = {
				ALWAYS_SEARCH_USER_PATHS = NO;
				CLANG_ANALYZER_NONNULL = YES;
				CLANG_ANALYZER_NUMBER_OBJECT_CONVERSION = YES_AGGRESSIVE;
				CLANG_CXX_LANGUAGE_STANDARD = "gnu++14";
				CLANG_CXX_LIBRARY = "libc++";
				CLANG_ENABLE_MODULES = YES;
				CLANG_ENABLE_OBJC_ARC = YES;
				CLANG_ENABLE_OBJC_WEAK = YES;
				CLANG_WARN_BLOCK_CAPTURE_AUTORELEASING = YES;
				CLANG_WARN_BOOL_CONVERSION = YES;
				CLANG_WARN_COMMA = YES;
				CLANG_WARN_CONSTANT_CONVERSION = YES;
				CLANG_WARN_DEPRECATED_OBJC_IMPLEMENTATIONS = YES;
				CLANG_WARN_DIRECT_OBJC_ISA_USAGE = YES_ERROR;
				CLANG_WARN_DOCUMENTATION_COMMENTS = YES;
				CLANG_WARN_EMPTY_BODY = YES;
				CLANG_WARN_ENUM_CONVERSION = YES;
				CLANG_WARN_INFINITE_RECURSION = YES;
				CLANG_WARN_INT_CONVERSION = YES;
				CLANG_WARN_NON_LITERAL_NULL_CONVERSION = YES;
				CLANG_WARN_OBJC_IMPLICIT_RETAIN_SELF = YES;
				CLANG_WARN_OBJC_LITERAL_CONVERSION = YES;
				CLANG_WARN_OBJC_ROOT_CLASS = YES_ERROR;
				CLANG_WARN_RANGE_LOOP_ANALYSIS = YES;
				CLANG_WARN_STRICT_PROTOTYPES = YES;
				CLANG_WARN_SUSPICIOUS_MOVE = YES;
				CLANG_WARN_UNGUARDED_AVAILABILITY = YES_AGGRESSIVE;
				CLANG_WARN_UNREACHABLE_CODE = YES;
				CLANG_WARN__DUPLICATE_METHOD_MATCH = YES;
				COPY_PHASE_STRIP = NO;
				DEBUG_INFORMATION_FORMAT = dwarf;
				ENABLE_STRICT_OBJC_MSGSEND = YES;
				ENABLE_TESTABILITY = YES;
				GCC_C_LANGUAGE_STANDARD = gnu11;
				GCC_DYNAMIC_NO_PIC = NO;
				GCC_NO_COMMON_BLOCKS = YES;
				GCC_OPTIMIZATION_LEVEL = 0;
				GCC_PREPROCESSOR_DEFINITIONS = (
					"DEBUG=1",
					"$(inherited)",
				);
				GCC_WARN_64_TO_32_BIT_CONVERSION = YES;
				GCC_WARN_ABOUT_RETURN_TYPE = YES_ERROR;
				GCC_WARN_UNDECLARED_SELECTOR = YES;
				GCC_WARN_UNINITIALIZED_AUTOS = YES_AGGRESSIVE;
				GCC_WARN_UNUSED_FUNCTION = YES;
				GCC_WARN_UNUSED_VARIABLE = YES;
				IPHONEOS_DEPLOYMENT_TARGET = 13.1;
				MTL_ENABLE_DEBUG_INFO = INCLUDE_SOURCE;
				MTL_FAST_MATH = YES;
				ONLY_ACTIVE_ARCH = YES;
				SDKROOT = iphoneos;
				SWIFT_ACTIVE_COMPILATION_CONDITIONS = DEBUG;
				SWIFT_OPTIMIZATION_LEVEL = "-Onone";
			};
			name = Debug;
		};
		4290D52723B7A9B50093548C /* Release */ = {
			isa = XCBuildConfiguration;
			buildSettings = {
				ALWAYS_SEARCH_USER_PATHS = NO;
				CLANG_ANALYZER_NONNULL = YES;
				CLANG_ANALYZER_NUMBER_OBJECT_CONVERSION = YES_AGGRESSIVE;
				CLANG_CXX_LANGUAGE_STANDARD = "gnu++14";
				CLANG_CXX_LIBRARY = "libc++";
				CLANG_ENABLE_MODULES = YES;
				CLANG_ENABLE_OBJC_ARC = YES;
				CLANG_ENABLE_OBJC_WEAK = YES;
				CLANG_WARN_BLOCK_CAPTURE_AUTORELEASING = YES;
				CLANG_WARN_BOOL_CONVERSION = YES;
				CLANG_WARN_COMMA = YES;
				CLANG_WARN_CONSTANT_CONVERSION = YES;
				CLANG_WARN_DEPRECATED_OBJC_IMPLEMENTATIONS = YES;
				CLANG_WARN_DIRECT_OBJC_ISA_USAGE = YES_ERROR;
				CLANG_WARN_DOCUMENTATION_COMMENTS = YES;
				CLANG_WARN_EMPTY_BODY = YES;
				CLANG_WARN_ENUM_CONVERSION = YES;
				CLANG_WARN_INFINITE_RECURSION = YES;
				CLANG_WARN_INT_CONVERSION = YES;
				CLANG_WARN_NON_LITERAL_NULL_CONVERSION = YES;
				CLANG_WARN_OBJC_IMPLICIT_RETAIN_SELF = YES;
				CLANG_WARN_OBJC_LITERAL_CONVERSION = YES;
				CLANG_WARN_OBJC_ROOT_CLASS = YES_ERROR;
				CLANG_WARN_RANGE_LOOP_ANALYSIS = YES;
				CLANG_WARN_STRICT_PROTOTYPES = YES;
				CLANG_WARN_SUSPICIOUS_MOVE = YES;
				CLANG_WARN_UNGUARDED_AVAILABILITY = YES_AGGRESSIVE;
				CLANG_WARN_UNREACHABLE_CODE = YES;
				CLANG_WARN__DUPLICATE_METHOD_MATCH = YES;
				COPY_PHASE_STRIP = NO;
				DEBUG_INFORMATION_FORMAT = "dwarf-with-dsym";
				ENABLE_NS_ASSERTIONS = NO;
				ENABLE_STRICT_OBJC_MSGSEND = YES;
				GCC_C_LANGUAGE_STANDARD = gnu11;
				GCC_NO_COMMON_BLOCKS = YES;
				GCC_WARN_64_TO_32_BIT_CONVERSION = YES;
				GCC_WARN_ABOUT_RETURN_TYPE = YES_ERROR;
				GCC_WARN_UNDECLARED_SELECTOR = YES;
				GCC_WARN_UNINITIALIZED_AUTOS = YES_AGGRESSIVE;
				GCC_WARN_UNUSED_FUNCTION = YES;
				GCC_WARN_UNUSED_VARIABLE = YES;
				IPHONEOS_DEPLOYMENT_TARGET = 13.1;
				MTL_ENABLE_DEBUG_INFO = NO;
				MTL_FAST_MATH = YES;
				SDKROOT = iphoneos;
				SWIFT_COMPILATION_MODE = wholemodule;
				SWIFT_OPTIMIZATION_LEVEL = "-O";
				VALIDATE_PRODUCT = YES;
			};
			name = Release;
		};
		4290D52923B7A9B50093548C /* Debug */ = {
			isa = XCBuildConfiguration;
			buildSettings = {
				ASSETCATALOG_COMPILER_APPICON_NAME = AppIcon;
				CODE_SIGN_STYLE = Automatic;
				INFOPLIST_FILE = TodoApp/Info.plist;
				LD_RUNPATH_SEARCH_PATHS = (
					"$(inherited)",
					"@executable_path/Frameworks",
				);
				PRODUCT_BUNDLE_IDENTIFIER = com.orwaromeeah.TodoApp;
				PRODUCT_NAME = "$(TARGET_NAME)";
				SWIFT_VERSION = 5.0;
				TARGETED_DEVICE_FAMILY = "1,2";
			};
			name = Debug;
		};
		4290D52A23B7A9B50093548C /* Release */ = {
			isa = XCBuildConfiguration;
			buildSettings = {
				ASSETCATALOG_COMPILER_APPICON_NAME = AppIcon;
				CODE_SIGN_STYLE = Automatic;
				INFOPLIST_FILE = TodoApp/Info.plist;
				LD_RUNPATH_SEARCH_PATHS = (
					"$(inherited)",
					"@executable_path/Frameworks",
				);
				PRODUCT_BUNDLE_IDENTIFIER = com.orwaromeeah.TodoApp;
				PRODUCT_NAME = "$(TARGET_NAME)";
				SWIFT_VERSION = 5.0;
				TARGETED_DEVICE_FAMILY = "1,2";
			};
			name = Release;
		};
/* End XCBuildConfiguration section */

/* Begin XCConfigurationList section */
		4290D50F23B7A9B40093548C /* Build configuration list for PBXProject "TodoApp" */ = {
			isa = XCConfigurationList;
			buildConfigurations = (
				4290D52623B7A9B50093548C /* Debug */,
				4290D52723B7A9B50093548C /* Release */,
			);
			defaultConfigurationIsVisible = 0;
			defaultConfigurationName = Release;
		};
		4290D52823B7A9B50093548C /* Build configuration list for PBXNativeTarget "TodoApp" */ = {
			isa = XCConfigurationList;
			buildConfigurations = (
				4290D52923B7A9B50093548C /* Debug */,
				4290D52A23B7A9B50093548C /* Release */,
			);
			defaultConfigurationIsVisible = 0;
			defaultConfigurationName = Release;
		};
/* End XCConfigurationList section */

/* Begin XCVersionGroup section */
		4212990E23B9EBF800AE9281 /* Model.xcdatamodeld */ = {
			isa = XCVersionGroup;
			children = (
				4212990F23B9EBF800AE9281 /* Model.xcdatamodel */,
			);
			currentVersion = 4212990F23B9EBF800AE9281 /* Model.xcdatamodel */;
			path = Model.xcdatamodeld;
			sourceTree = "<group>";
			versionGroupType = wrapper.xcdatamodel;
		};
/* End XCVersionGroup section */
	};
	rootObject = 4290D50C23B7A9B40093548C /* Project object */;
}
