// !$*UTF8*$!
{
	archiveVersion = 1;
	classes = {
	};
	objectVersion = 51;
	objects = {

/* Begin PBXBuildFile section */
		42119E3D23C36DE500ED5BD9 /* SwipTableViewController.swift in Sources */ = {isa = PBXBuildFile; fileRef = 42119E3C23C36DE500ED5BD9 /* SwipTableViewController.swift */; };
		4212991323B9EE0100AE9281 /* Default-568h@2x.png in Resources */ = {isa = PBXBuildFile; fileRef = 4212991223B9EE0100AE9281 /* Default-568h@2x.png */; };
		4243F5CB23BB3F7C00023440 /* CategoryViewController.swift in Sources */ = {isa = PBXBuildFile; fileRef = 4243F5CA23BB3F7C00023440 /* CategoryViewController.swift */; };
		4251557323C2557A00D5FAB5 /* Category.swift in Sources */ = {isa = PBXBuildFile; fileRef = 4251557223C2557A00D5FAB5 /* Category.swift */; };
		428DDE0E23C2585100DAF80B /* Item.swift in Sources */ = {isa = PBXBuildFile; fileRef = 428DDE0D23C2585100DAF80B /* Item.swift */; };
		4290D51823B7A9B40093548C /* AppDelegate.swift in Sources */ = {isa = PBXBuildFile; fileRef = 4290D51723B7A9B40093548C /* AppDelegate.swift */; };
		4290D51A23B7A9B40093548C /* SceneDelegate.swift in Sources */ = {isa = PBXBuildFile; fileRef = 4290D51923B7A9B40093548C /* SceneDelegate.swift */; };
		4290D51C23B7A9B40093548C /* ItemListViewController.swift in Sources */ = {isa = PBXBuildFile; fileRef = 4290D51B23B7A9B40093548C /* ItemListViewController.swift */; };
		4290D51F23B7A9B40093548C /* Main.storyboard in Resources */ = {isa = PBXBuildFile; fileRef = 4290D51D23B7A9B40093548C /* Main.storyboard */; };
		4290D52123B7A9B50093548C /* Assets.xcassets in Resources */ = {isa = PBXBuildFile; fileRef = 4290D52023B7A9B50093548C /* Assets.xcassets */; };
		F6A93F4AED547B2501FDF439 /* Pods_TodoApp.framework in Frameworks */ = {isa = PBXBuildFile; fileRef = EB4ACE308F50885090FCF86F /* Pods_TodoApp.framework */; };
/* End PBXBuildFile section */

/* Begin PBXFileReference section */
		0A515744FF7DF507439CD214 /* Pods-TodoApp.release.xcconfig */ = {isa = PBXFileReference; includeInIndex = 1; lastKnownFileType = text.xcconfig; name = "Pods-TodoApp.release.xcconfig"; path = "Target Support Files/Pods-TodoApp/Pods-TodoApp.release.xcconfig"; sourceTree = "<group>"; };
		42119E3C23C36DE500ED5BD9 /* SwipTableViewController.swift */ = {isa = PBXFileReference; lastKnownFileType = sourcecode.swift; path = SwipTableViewController.swift; sourceTree = "<group>"; };
		4212991223B9EE0100AE9281 /* Default-568h@2x.png */ = {isa = PBXFileReference; lastKnownFileType = image.png; path = "Default-568h@2x.png"; sourceTree = "<group>"; };
		4243F5CA23BB3F7C00023440 /* CategoryViewController.swift */ = {isa = PBXFileReference; lastKnownFileType = sourcecode.swift; path = CategoryViewController.swift; sourceTree = "<group>"; };
		4251557223C2557A00D5FAB5 /* Category.swift */ = {isa = PBXFileReference; lastKnownFileType = sourcecode.swift; path = Category.swift; sourceTree = "<group>"; };
		428DDE0D23C2585100DAF80B /* Item.swift */ = {isa = PBXFileReference; lastKnownFileType = sourcecode.swift; path = Item.swift; sourceTree = "<group>"; };
		4290D51423B7A9B40093548C /* TodoApp.app */ = {isa = PBXFileReference; explicitFileType = wrapper.application; includeInIndex = 0; path = TodoApp.app; sourceTree = BUILT_PRODUCTS_DIR; };
		4290D51723B7A9B40093548C /* AppDelegate.swift */ = {isa = PBXFileReference; lastKnownFileType = sourcecode.swift; path = AppDelegate.swift; sourceTree = "<group>"; };
		4290D51923B7A9B40093548C /* SceneDelegate.swift */ = {isa = PBXFileReference; lastKnownFileType = sourcecode.swift; path = SceneDelegate.swift; sourceTree = "<group>"; };
		4290D51B23B7A9B40093548C /* ItemListViewController.swift */ = {isa = PBXFileReference; lastKnownFileType = sourcecode.swift; path = ItemListViewController.swift; sourceTree = "<group>"; };
		4290D51E23B7A9B40093548C /* Base */ = {isa = PBXFileReference; lastKnownFileType = file.storyboard; name = Base; path = Base.lproj/Main.storyboard; sourceTree = "<group>"; };
		4290D52023B7A9B50093548C /* Assets.xcassets */ = {isa = PBXFileReference; lastKnownFileType = folder.assetcatalog; path = Assets.xcassets; sourceTree = "<group>"; };
		4290D52523B7A9B50093548C /* Info.plist */ = {isa = PBXFileReference; lastKnownFileType = text.plist.xml; path = Info.plist; sourceTree = "<group>"; };
		D47B0BD659AB1406FBB8FA0C /* Pods-TodoApp.debug.xcconfig */ = {isa = PBXFileReference; includeInIndex = 1; lastKnownFileType = text.xcconfig; name = "Pods-TodoApp.debug.xcconfig"; path = "Target Support Files/Pods-TodoApp/Pods-TodoApp.debug.xcconfig"; sourceTree = "<group>"; };
		EB4ACE308F50885090FCF86F /* Pods_TodoApp.framework */ = {isa = PBXFileReference; explicitFileType = wrapper.framework; includeInIndex = 0; path = Pods_TodoApp.framework; sourceTree = BUILT_PRODUCTS_DIR; };
/* End PBXFileReference section */

/* Begin PBXFrameworksBuildPhase section */
		4290D51123B7A9B40093548C /* Frameworks */ = {
			isa = PBXFrameworksBuildPhase;
			buildActionMask = 2147483647;
			files = (
				F6A93F4AED547B2501FDF439 /* Pods_TodoApp.framework in Frameworks */,
			);
			runOnlyForDeploymentPostprocessing = 0;
		};
/* End PBXFrameworksBuildPhase section */

/* Begin PBXGroup section */
		3C7A10DFC0FC00148FD5005D /* Pods */ = {
			isa = PBXGroup;
			children = (
				D47B0BD659AB1406FBB8FA0C /* Pods-TodoApp.debug.xcconfig */,
				0A515744FF7DF507439CD214 /* Pods-TodoApp.release.xcconfig */,
			);
			path = Pods;
			sourceTree = "<group>";
		};
		421298E823B9EB4400AE9281 /* View */ = {
			isa = PBXGroup;
			children = (
				4290D51D23B7A9B40093548C /* Main.storyboard */,
			);
			path = View;
			sourceTree = "<group>";
		};
		421298E923B9EB5D00AE9281 /* Controller */ = {
			isa = PBXGroup;
			children = (
				4243F5CA23BB3F7C00023440 /* CategoryViewController.swift */,
				4290D51B23B7A9B40093548C /* ItemListViewController.swift */,
				42119E3C23C36DE500ED5BD9 /* SwipTableViewController.swift */,
			);
			path = Controller;
			sourceTree = "<group>";
		};
		421298EA23B9EB7600AE9281 /* Model */ = {
			isa = PBXGroup;
			children = (
				4251557223C2557A00D5FAB5 /* Category.swift */,
				428DDE0D23C2585100DAF80B /* Item.swift */,
			);
			path = Model;
			sourceTree = "<group>";
		};
		4212991123B9ED6F00AE9281 /* Suppurting files */ = {
			isa = PBXGroup;
			children = (
				4212991223B9EE0100AE9281 /* Default-568h@2x.png */,
				4290D52023B7A9B50093548C /* Assets.xcassets */,
			);
			path = "Suppurting files";
			sourceTree = "<group>";
		};
		4290D50B23B7A9B40093548C = {
			isa = PBXGroup;
			children = (
				4290D51623B7A9B40093548C /* TodoApp */,
				4290D51523B7A9B40093548C /* Products */,
				3C7A10DFC0FC00148FD5005D /* Pods */,
				93FE472B5CC6FC06A4D6BFA5 /* Frameworks */,
			);
			sourceTree = "<group>";
		};
		4290D51523B7A9B40093548C /* Products */ = {
			isa = PBXGroup;
			children = (
				4290D51423B7A9B40093548C /* TodoApp.app */,
			);
			name = Products;
			sourceTree = "<group>";
		};
		4290D51623B7A9B40093548C /* TodoApp */ = {
			isa = PBXGroup;
			children = (
				4290D52523B7A9B50093548C /* Info.plist */,
				4290D51723B7A9B40093548C /* AppDelegate.swift */,
				4290D51923B7A9B40093548C /* SceneDelegate.swift */,
				421298EA23B9EB7600AE9281 /* Model */,
				421298E923B9EB5D00AE9281 /* Controller */,
				421298E823B9EB4400AE9281 /* View */,
				4212991123B9ED6F00AE9281 /* Suppurting files */,
			);
			path = TodoApp;
			sourceTree = "<group>";
		};
		93FE472B5CC6FC06A4D6BFA5 /* Frameworks */ = {
			isa = PBXGroup;
			children = (
				EB4ACE308F50885090FCF86F /* Pods_TodoApp.framework */,
			);
			name = Frameworks;
			sourceTree = "<group>";
		};
/* End PBXGroup section */

/* Begin PBXNativeTarget section */
		4290D51323B7A9B40093548C /* TodoApp */ = {
			isa = PBXNativeTarget;
			buildConfigurationList = 4290D52823B7A9B50093548C /* Build configuration list for PBXNativeTarget "TodoApp" */;
			buildPhases = (
				9B86D4B3A4B80F3B0829E44B /* [CP] Check Pods Manifest.lock */,
				4290D51023B7A9B40093548C /* Sources */,
				4290D51123B7A9B40093548C /* Frameworks */,
				4290D51223B7A9B40093548C /* Resources */,
				47D296FA8AF1C07E8F877539 /* [CP] Embed Pods Frameworks */,
			);
			buildRules = (
			);
			dependencies = (
			);
			name = TodoApp;
			productName = TodoApp;
			productReference = 4290D51423B7A9B40093548C /* TodoApp.app */;
			productType = "com.apple.product-type.application";
		};
/* End PBXNativeTarget section */

/* Begin PBXProject section */
		4290D50C23B7A9B40093548C /* Project object */ = {
			isa = PBXProject;
			attributes = {
				LastSwiftUpdateCheck = 1110;
				LastUpgradeCheck = 1110;
				ORGANIZATIONNAME = "Orwa Romeeah";
				TargetAttributes = {
					4290D51323B7A9B40093548C = {
						CreatedOnToolsVersion = 11.1;
					};
				};
			};
			buildConfigurationList = 4290D50F23B7A9B40093548C /* Build configuration list for PBXProject "TodoApp" */;
			compatibilityVersion = "Xcode 9.3";
			developmentRegion = en;
			hasScannedForEncodings = 0;
			knownRegions = (
				en,
				Base,
			);
			mainGroup = 4290D50B23B7A9B40093548C;
			productRefGroup = 4290D51523B7A9B40093548C /* Products */;
			projectDirPath = "";
			projectRoot = "";
			targets = (
				4290D51323B7A9B40093548C /* TodoApp */,
			);
		};
/* End PBXProject section */

/* Begin PBXResourcesBuildPhase section */
		4290D51223B7A9B40093548C /* Resources */ = {
			isa = PBXResourcesBuildPhase;
			buildActionMask = 2147483647;
			files = (
				4212991323B9EE0100AE9281 /* Default-568h@2x.png in Resources */,
				4290D52123B7A9B50093548C /* Assets.xcassets in Resources */,
				4290D51F23B7A9B40093548C /* Main.storyboard in Resources */,
			);
			runOnlyForDeploymentPostprocessing = 0;
		};
/* End PBXResourcesBuildPhase section */

/* Begin PBXShellScriptBuildPhase section */
		47D296FA8AF1C07E8F877539 /* [CP] Embed Pods Frameworks */ = {
			isa = PBXShellScriptBuildPhase;
			buildActionMask = 2147483647;
			files = (
			);
			inputFileListPaths = (
				"${PODS_ROOT}/Target Support Files/Pods-TodoApp/Pods-TodoApp-frameworks-${CONFIGURATION}-input-files.xcfilelist",
			);
			name = "[CP] Embed Pods Frameworks";
			outputFileListPaths = (
				"${PODS_ROOT}/Target Support Files/Pods-TodoApp/Pods-TodoApp-frameworks-${CONFIGURATION}-output-files.xcfilelist",
			);
			runOnlyForDeploymentPostprocessing = 0;
			shellPath = /bin/sh;
			shellScript = "\"${PODS_ROOT}/Target Support Files/Pods-TodoApp/Pods-TodoApp-frameworks.sh\"\n";
			showEnvVarsInLog = 0;
		};
		9B86D4B3A4B80F3B0829E44B /* [CP] Check Pods Manifest.lock */ = {
			isa = PBXShellScriptBuildPhase;
			buildActionMask = 2147483647;
			files = (
			);
			inputFileListPaths = (
			);
			inputPaths = (
				"${PODS_PODFILE_DIR_PATH}/Podfile.lock",
				"${PODS_ROOT}/Manifest.lock",
			);
			name = "[CP] Check Pods Manifest.lock";
			outputFileListPaths = (
			);
			outputPaths = (
				"$(DERIVED_FILE_DIR)/Pods-TodoApp-checkManifestLockResult.txt",
			);
			runOnlyForDeploymentPostprocessing = 0;
			shellPath = /bin/sh;
			shellScript = "diff \"${PODS_PODFILE_DIR_PATH}/Podfile.lock\" \"${PODS_ROOT}/Manifest.lock\" > /dev/null\nif [ $? != 0 ] ; then\n    # print error to STDERR\n    echo \"error: The sandbox is not in sync with the Podfile.lock. Run 'pod install' or update your CocoaPods installation.\" >&2\n    exit 1\nfi\n# This output is used by Xcode 'outputs' to avoid re-running this script phase.\necho \"SUCCESS\" > \"${SCRIPT_OUTPUT_FILE_0}\"\n";
			showEnvVarsInLog = 0;
		};
/* End PBXShellScriptBuildPhase section */

/* Begin PBXSourcesBuildPhase section */
		4290D51023B7A9B40093548C /* Sources */ = {
			isa = PBXSourcesBuildPhase;
			buildActionMask = 2147483647;
			files = (
				4243F5CB23BB3F7C00023440 /* CategoryViewController.swift in Sources */,
				4251557323C2557A00D5FAB5 /* Category.swift in Sources */,
				4290D51C23B7A9B40093548C /* ItemListViewController.swift in Sources */,
				4290D51823B7A9B40093548C /* AppDelegate.swift in Sources */,
				428DDE0E23C2585100DAF80B /* Item.swift in Sources */,
				42119E3D23C36DE500ED5BD9 /* SwipTableViewController.swift in Sources */,
				4290D51A23B7A9B40093548C /* SceneDelegate.swift in Sources */,
			);
			runOnlyForDeploymentPostprocessing = 0;
		};
/* End PBXSourcesBuildPhase section */

/* Begin PBXVariantGroup section */
		4290D51D23B7A9B40093548C /* Main.storyboard */ = {
			isa = PBXVariantGroup;
			children = (
				4290D51E23B7A9B40093548C /* Base */,
			);
			name = Main.storyboard;
			sourceTree = "<group>";
		};
/* End PBXVariantGroup section */

/* Begin XCBuildConfiguration section */
		4290D52623B7A9B50093548C /* Debug */ = {
			isa = XCBuildConfiguration;
			buildSettings = {
				ALWAYS_SEARCH_USER_PATHS = NO;
				CLANG_ANALYZER_NONNULL = YES;
				CLANG_ANALYZER_NUMBER_OBJECT_CONVERSION = YES_AGGRESSIVE;
				CLANG_CXX_LANGUAGE_STANDARD = "gnu++14";
				CLANG_CXX_LIBRARY = "libc++";
				CLANG_ENABLE_MODULES = YES;
				CLANG_ENABLE_OBJC_ARC = YES;
				CLANG_ENABLE_OBJC_WEAK = YES;
				CLANG_WARN_BLOCK_CAPTURE_AUTORELEASING = YES;
				CLANG_WARN_BOOL_CONVERSION = YES;
				CLANG_WARN_COMMA = YES;
				CLANG_WARN_CONSTANT_CONVERSION = YES;
				CLANG_WARN_DEPRECATED_OBJC_IMPLEMENTATIONS = YES;
				CLANG_WARN_DIRECT_OBJC_ISA_USAGE = YES_ERROR;
				CLANG_WARN_DOCUMENTATION_COMMENTS = YES;
				CLANG_WARN_EMPTY_BODY = YES;
				CLANG_WARN_ENUM_CONVERSION = YES;
				CLANG_WARN_INFINITE_RECURSION = YES;
				CLANG_WARN_INT_CONVERSION = YES;
				CLANG_WARN_NON_LITERAL_NULL_CONVERSION = YES;
				CLANG_WARN_OBJC_IMPLICIT_RETAIN_SELF = YES;
				CLANG_WARN_OBJC_LITERAL_CONVERSION = YES;
				CLANG_WARN_OBJC_ROOT_CLASS = YES_ERROR;
				CLANG_WARN_RANGE_LOOP_ANALYSIS = YES;
				CLANG_WARN_STRICT_PROTOTYPES = YES;
				CLANG_WARN_SUSPICIOUS_MOVE = YES;
				CLANG_WARN_UNGUARDED_AVAILABILITY = YES_AGGRESSIVE;
				CLANG_WARN_UNREACHABLE_CODE = YES;
				CLANG_WARN__DUPLICATE_METHOD_MATCH = YES;
				COPY_PHASE_STRIP = NO;
				DEBUG_INFORMATION_FORMAT = dwarf;
				ENABLE_STRICT_OBJC_MSGSEND = YES;
				ENABLE_TESTABILITY = YES;
				GCC_C_LANGUAGE_STANDARD = gnu11;
				GCC_DYNAMIC_NO_PIC = NO;
				GCC_NO_COMMON_BLOCKS = YES;
				GCC_OPTIMIZATION_LEVEL = 0;
				GCC_PREPROCESSOR_DEFINITIONS = (
					"DEBUG=1",
					"$(inherited)",
				);
				GCC_WARN_64_TO_32_BIT_CONVERSION = YES;
				GCC_WARN_ABOUT_RETURN_TYPE = YES_ERROR;
				GCC_WARN_UNDECLARED_SELECTOR = YES;
				GCC_WARN_UNINITIALIZED_AUTOS = YES_AGGRESSIVE;
				GCC_WARN_UNUSED_FUNCTION = YES;
				GCC_WARN_UNUSED_VARIABLE = YES;
				IPHONEOS_DEPLOYMENT_TARGET = 13.1;
				MTL_ENABLE_DEBUG_INFO = INCLUDE_SOURCE;
				MTL_FAST_MATH = YES;
				ONLY_ACTIVE_ARCH = YES;
				SDKROOT = iphoneos;
				SWIFT_ACTIVE_COMPILATION_CONDITIONS = DEBUG;
				SWIFT_OPTIMIZATION_LEVEL = "-Onone";
			};
			name = Debug;
		};
		4290D52723B7A9B50093548C /* Release */ = {
			isa = XCBuildConfiguration;
			buildSettings = {
				ALWAYS_SEARCH_USER_PATHS = NO;
				CLANG_ANALYZER_NONNULL = YES;
				CLANG_ANALYZER_NUMBER_OBJECT_CONVERSION = YES_AGGRESSIVE;
				CLANG_CXX_LANGUAGE_STANDARD = "gnu++14";
				CLANG_CXX_LIBRARY = "libc++";
				CLANG_ENABLE_MODULES = YES;
				CLANG_ENABLE_OBJC_ARC = YES;
				CLANG_ENABLE_OBJC_WEAK = YES;
				CLANG_WARN_BLOCK_CAPTURE_AUTORELEASING = YES;
				CLANG_WARN_BOOL_CONVERSION = YES;
				CLANG_WARN_COMMA = YES;
				CLANG_WARN_CONSTANT_CONVERSION = YES;
				CLANG_WARN_DEPRECATED_OBJC_IMPLEMENTATIONS = YES;
				CLANG_WARN_DIRECT_OBJC_ISA_USAGE = YES_ERROR;
				CLANG_WARN_DOCUMENTATION_COMMENTS = YES;
				CLANG_WARN_EMPTY_BODY = YES;
				CLANG_WARN_ENUM_CONVERSION = YES;
				CLANG_WARN_INFINITE_RECURSION = YES;
				CLANG_WARN_INT_CONVERSION = YES;
				CLANG_WARN_NON_LITERAL_NULL_CONVERSION = YES;
				CLANG_WARN_OBJC_IMPLICIT_RETAIN_SELF = YES;
				CLANG_WARN_OBJC_LITERAL_CONVERSION = YES;
				CLANG_WARN_OBJC_ROOT_CLASS = YES_ERROR;
				CLANG_WARN_RANGE_LOOP_ANALYSIS = YES;
				CLANG_WARN_STRICT_PROTOTYPES = YES;
				CLANG_WARN_SUSPICIOUS_MOVE = YES;
				CLANG_WARN_UNGUARDED_AVAILABILITY = YES_AGGRESSIVE;
				CLANG_WARN_UNREACHABLE_CODE = YES;
				CLANG_WARN__DUPLICATE_METHOD_MATCH = YES;
				COPY_PHASE_STRIP = NO;
				DEBUG_INFORMATION_FORMAT = "dwarf-with-dsym";
				ENABLE_NS_ASSERTIONS = NO;
				ENABLE_STRICT_OBJC_MSGSEND = YES;
				GCC_C_LANGUAGE_STANDARD = gnu11;
				GCC_NO_COMMON_BLOCKS = YES;
				GCC_WARN_64_TO_32_BIT_CONVERSION = YES;
				GCC_WARN_ABOUT_RETURN_TYPE = YES_ERROR;
				GCC_WARN_UNDECLARED_SELECTOR = YES;
				GCC_WARN_UNINITIALIZED_AUTOS = YES_AGGRESSIVE;
				GCC_WARN_UNUSED_FUNCTION = YES;
				GCC_WARN_UNUSED_VARIABLE = YES;
				IPHONEOS_DEPLOYMENT_TARGET = 13.1;
				MTL_ENABLE_DEBUG_INFO = NO;
				MTL_FAST_MATH = YES;
				SDKROOT = iphoneos;
				SWIFT_COMPILATION_MODE = wholemodule;
				SWIFT_OPTIMIZATION_LEVEL = "-O";
				VALIDATE_PRODUCT = YES;
			};
			name = Release;
		};
		4290D52923B7A9B50093548C /* Debug */ = {
			isa = XCBuildConfiguration;
			baseConfigurationReference = D47B0BD659AB1406FBB8FA0C /* Pods-TodoApp.debug.xcconfig */;
			buildSettings = {
				ASSETCATALOG_COMPILER_APPICON_NAME = AppIcon;
				CODE_SIGN_STYLE = Automatic;
				INFOPLIST_FILE = TodoApp/Info.plist;
				LD_RUNPATH_SEARCH_PATHS = (
					"$(inherited)",
					"@executable_path/Frameworks",
				);
				PRODUCT_BUNDLE_IDENTIFIER = com.orwaromeeah.TodoApp;
				PRODUCT_NAME = "$(TARGET_NAME)";
				SWIFT_VERSION = 5.0;
				TARGETED_DEVICE_FAMILY = "1,2";
			};
			name = Debug;
		};
		4290D52A23B7A9B50093548C /* Release */ = {
			isa = XCBuildConfiguration;
			baseConfigurationReference = 0A515744FF7DF507439CD214 /* Pods-TodoApp.release.xcconfig */;
			buildSettings = {
				ASSETCATALOG_COMPILER_APPICON_NAME = AppIcon;
				CODE_SIGN_STYLE = Automatic;
				INFOPLIST_FILE = TodoApp/Info.plist;
				LD_RUNPATH_SEARCH_PATHS = (
					"$(inherited)",
					"@executable_path/Frameworks",
				);
				PRODUCT_BUNDLE_IDENTIFIER = com.orwaromeeah.TodoApp;
				PRODUCT_NAME = "$(TARGET_NAME)";
				SWIFT_VERSION = 5.0;
				TARGETED_DEVICE_FAMILY = "1,2";
			};
			name = Release;
		};
/* End XCBuildConfiguration section */

/* Begin XCConfigurationList section */
		4290D50F23B7A9B40093548C /* Build configuration list for PBXProject "TodoApp" */ = {
			isa = XCConfigurationList;
			buildConfigurations = (
				4290D52623B7A9B50093548C /* Debug */,
				4290D52723B7A9B50093548C /* Release */,
			);
			defaultConfigurationIsVisible = 0;
			defaultConfigurationName = Release;
		};
		4290D52823B7A9B50093548C /* Build configuration list for PBXNativeTarget "TodoApp" */ = {
			isa = XCConfigurationList;
			buildConfigurations = (
				4290D52923B7A9B50093548C /* Debug */,
				4290D52A23B7A9B50093548C /* Release */,
			);
			defaultConfigurationIsVisible = 0;
			defaultConfigurationName = Release;
		};
/* End XCConfigurationList section */
	};
	rootObject = 4290D50C23B7A9B40093548C /* Project object */;
}
